<?xml version="1.0" encoding="utf-8"?>
<Project ToolsVersion="4.0" xmlns="http://schemas.microsoft.com/developer/msbuild/2003">
  <ItemGroup>
    <Filter Include="Source Files">
      <UniqueIdentifier>{4FC737F1-C7A5-4376-A066-2A32D752A2FF}</UniqueIdentifier>
      <Extensions>cpp;c;cc;cxx;c++;cppm;ixx;def;odl;idl;hpj;bat;asm;asmx</Extensions>
    </Filter>
    <Filter Include="Header Files">
      <UniqueIdentifier>{93995380-89BD-4b04-88EB-625FBE52EBFB}</UniqueIdentifier>
      <Extensions>h;hh;hpp;hxx;h++;hm;inl;inc;ipp;xsd</Extensions>
    </Filter>
    <Filter Include="Resource Files">
      <UniqueIdentifier>{67DA6AB6-F800-4c08-8B7A-83BB121AAD01}</UniqueIdentifier>
      <Extensions>rc;ico;cur;bmp;dlg;rc2;rct;bin;rgs;gif;jpg;jpeg;jpe;resx;tiff;tif;png;wav;mfcribbon-ms</Extensions>
    </Filter>
    <Filter Include="Shader Files">
      <UniqueIdentifier>{ff881dbd-1472-4b88-a40d-2b592971d4f9}</UniqueIdentifier>
    </Filter>
    <Filter Include="Header Files\stb_image">
      <UniqueIdentifier>{2e5532ae-0469-43b9-8d3a-87182f35c3c7}</UniqueIdentifier>
    </Filter>
    <Filter Include="media">
      <UniqueIdentifier>{0b6b45c4-b846-4d00-b577-ae07ed050530}</UniqueIdentifier>
    </Filter>
    <Filter Include="User">
      <UniqueIdentifier>{ac309742-81f4-4a6b-a58d-0bbbabe26e5b}</UniqueIdentifier>
    </Filter>
  </ItemGroup>
  <ItemGroup>
    <ClCompile Include="Source.cpp">
      <Filter>Source Files</Filter>
    </ClCompile>
    <ClCompile Include="vertexBuffer.cpp">
      <Filter>Source Files</Filter>
    </ClCompile>
    <ClCompile Include="indexBuffer.cpp">
      <Filter>Source Files</Filter>
    </ClCompile>
    <ClCompile Include="vertexArray.cpp">
      <Filter>Source Files</Filter>
    </ClCompile>
    <ClCompile Include="shader.cpp">
      <Filter>Source Files</Filter>
    </ClCompile>
    <ClCompile Include="texture.cpp">
      <Filter>Source Files</Filter>
    </ClCompile>
    <ClCompile Include="stb_image.cpp">
      <Filter>Header Files\stb_image</Filter>
    </ClCompile>
    <ClCompile Include="object.cpp">
      <Filter>Source Files</Filter>
    </ClCompile>
    <ClCompile Include="..\Dependencies\ImGUI\imgui.cpp">
      <Filter>Resource Files</Filter>
    </ClCompile>
    <ClCompile Include="..\Dependencies\ImGUI\imgui_demo.cpp">
      <Filter>Resource Files</Filter>
    </ClCompile>
    <ClCompile Include="..\Dependencies\ImGUI\imgui_draw.cpp">
      <Filter>Resource Files</Filter>
    </ClCompile>
    <ClCompile Include="..\Dependencies\ImGUI\imgui_impl_glfw_gl3.cpp">
      <Filter>Resource Files</Filter>
    </ClCompile>
    <ClCompile Include="camera.cpp">
      <Filter>Source Files</Filter>
    </ClCompile>
    <ClCompile Include="shapes.cpp">
      <Filter>Source Files</Filter>
    </ClCompile>
    <ClCompile Include="render.cpp">
      <Filter>User</Filter>
    </ClCompile>
    <ClCompile Include="program.cpp">
      <Filter>Source Files</Filter>
    </ClCompile>
  </ItemGroup>
  <ItemGroup>
    <None Include="V_shader.shader">
      <Filter>Shader Files</Filter>
    </None>
    <None Include="F_shader.shader">
      <Filter>Shader Files</Filter>
    </None>
    <None Include="F_shader2.shader">
      <Filter>Shader Files</Filter>
    </None>
    <None Include="V_shader2.shader">
      <Filter>Shader Files</Filter>
    </None>
    <None Include="F_sheep.shader">
      <Filter>Shader Files</Filter>
    </None>
    <None Include="V_sheep.shader">
      <Filter>Shader Files</Filter>
    </None>
    <None Include="F_mt.shader">
      <Filter>Shader Files</Filter>
    </None>
    <None Include="V_mt.shader">
      <Filter>Shader Files</Filter>
    </None>
    <None Include="F_square.shader">
      <Filter>Shader Files</Filter>
    </None>
    <None Include="V_square.shader">
      <Filter>Shader Files</Filter>
    </None>
  </ItemGroup>
  <ItemGroup>
    <ClInclude Include="vertexBuffer.h">
      <Filter>Header Files</Filter>
    </ClInclude>
    <ClInclude Include="indexBuffer.h">
      <Filter>Header Files</Filter>
    </ClInclude>
    <ClInclude Include="vertexArray.h">
      <Filter>Header Files</Filter>
    </ClInclude>
    <ClInclude Include="abstraction.h">
      <Filter>Header Files</Filter>
    </ClInclude>
    <ClInclude Include="shader.h">
      <Filter>Header Files</Filter>
    </ClInclude>
    <ClInclude Include="texture.h">
      <Filter>Header Files</Filter>
    </ClInclude>
    <ClInclude Include="stb_image.h">
      <Filter>Header Files\stb_image</Filter>
    </ClInclude>
    <ClInclude Include="object.h">
      <Filter>Header Files</Filter>
    </ClInclude>
    <ClInclude Include="..\Dependencies\ImGUI\imconfig.h">
      <Filter>Resource Files</Filter>
    </ClInclude>
    <ClInclude Include="..\Dependencies\ImGUI\imgui.h">
      <Filter>Resource Files</Filter>
    </ClInclude>
    <ClInclude Include="..\Dependencies\ImGUI\imgui_impl_glfw_gl3.h">
      <Filter>Resource Files</Filter>
    </ClInclude>
    <ClInclude Include="..\Dependencies\ImGUI\imgui_internal.h">
      <Filter>Resource Files</Filter>
    </ClInclude>
    <ClInclude Include="..\Dependencies\ImGUI\stb_rect_pack.h">
      <Filter>Resource Files</Filter>
    </ClInclude>
    <ClInclude Include="..\Dependencies\ImGUI\stb_textedit.h">
      <Filter>Resource Files</Filter>
    </ClInclude>
    <ClInclude Include="..\Dependencies\ImGUI\stb_truetype.h">
      <Filter>Resource Files</Filter>
    </ClInclude>
    <ClInclude Include="camera.h">
      <Filter>Header Files</Filter>
    </ClInclude>
    <ClInclude Include="shapes.h">
      <Filter>Header Files</Filter>
    </ClInclude>
    <ClInclude Include="settings.h">
      <Filter>Header Files</Filter>
    </ClInclude>
    <ClInclude Include="program.h">
      <Filter>Header Files</Filter>
    </ClInclude>
  </ItemGroup>
  <ItemGroup>
    <Image Include="sheep.png">
      <Filter>media</Filter>
    </Image>
    <Image Include="shaun.png">
      <Filter>media</Filter>
    </Image>
    <Image Include="Lightning.png">
      <Filter>media</Filter>
    </Image>
  </ItemGroup>
  <ItemGroup>
    <Text Include="..\Dependencies\ImGUI\LICENSE.txt">
      <Filter>Resource Files</Filter>
    </Text>
  </ItemGroup>
</Project>